
Microsoft Visual Studio Solution File, Format Version 12.00
# Visual Studio Version 17
VisualStudioVersion = 17.8.34408.163
MinimumVisualStudioVersion = 10.0.40219.1
Project("{FAE04EC0-301F-11D3-BF4B-00C04F79EFBC}") = "FINALS_OOP_OIRA", "FINALS_OOP_OIRA\FINALS_OOP_OIRA.csproj", "{1B106817-F48E-4689-9AF7-3217AA67D3C5}"
EndProject
Global
	GlobalSection(SolutionConfigurationPlatforms) = preSolution
		Debug|Any CPU = Debug|Any CPU
		Release|Any CPU = Release|Any CPU
	EndGlobalSection
	GlobalSection(ProjectConfigurationPlatforms) = postSolution
		{1B106817-F48E-4689-9AF7-3217AA67D3C5}.Debug|Any CPU.ActiveCfg = Debug|Any CPU
		{1B106817-F48E-4689-9AF7-3217AA67D3C5}.Debug|Any CPU.Build.0 = Debug|Any CPU
		{1B106817-F48E-4689-9AF7-3217AA67D3C5}.Release|Any CPU.ActiveCfg = Release|Any CPU
		{1B106817-F48E-4689-9AF7-3217AA67D3C5}.Release|Any CPU.Build.0 = Release|Any CPU
	EndGlobalSection
	GlobalSection(SolutionProperties) = preSolution
		HideSolutionNode = FALSE
	EndGlobalSection
	GlobalSection(ExtensibilityGlobals) = postSolution
		SolutionGuid = {5D2BA356-5121-4F7A-8623-C601C7ABF9BC}
	EndGlobalSection
EndGlobal
